
Microsoft Visual Studio Solution File, Format Version 11.00
# Visual Studio 2010
Project("{FAE04EC0-301F-11D3-BF4B-00C04F79EFBC}") = "SkeletalViewerWithJointPrediction", "SkeletalViewerWithJointPrediction.csproj", "{35D624F4-9657-4D87-8FD3-6CE4E00CB9DA}"
EndProject
Project("{FAE04EC0-301F-11D3-BF4B-00C04F79EFBC}") = "JointPredictionTest", "JointPredictionTest\JointPredictionTest.csproj", "{D28CF265-EEA2-48F1-BB60-2D3E6C0DF495}"
EndProject
Project("{2150E333-8FDC-42A3-9474-1A3956D46DE8}") = "Solution Items", "Solution Items", "{91361F7E-A5CA-41F1-89A5-F1087D22098B}"
	ProjectSection(SolutionItems) = preProject
		Local.testsettings = Local.testsettings
		SkeletalViewer.vsmdi = SkeletalViewer.vsmdi
		TraceAndTestImpact.testsettings = TraceAndTestImpact.testsettings
	EndProjectSection
EndProject
Project("{FAE04EC0-301F-11D3-BF4B-00C04F79EFBC}") = "JointPrediction", "JointPrediction\JointPrediction.csproj", "{5325651C-F56C-4A1D-A81D-EF12998D4721}"
EndProject
Global
	GlobalSection(TestCaseManagementSettings) = postSolution
		CategoryFile = SkeletalViewer.vsmdi
	EndGlobalSection
	GlobalSection(SolutionConfigurationPlatforms) = preSolution
		Debug|Any CPU = Debug|Any CPU
		Debug|Mixed Platforms = Debug|Mixed Platforms
		Debug|x86 = Debug|x86
		Release|Any CPU = Release|Any CPU
		Release|Mixed Platforms = Release|Mixed Platforms
		Release|x86 = Release|x86
	EndGlobalSection
	GlobalSection(ProjectConfigurationPlatforms) = postSolution
		{35D624F4-9657-4D87-8FD3-6CE4E00CB9DA}.Debug|Any CPU.ActiveCfg = Debug|x86
		{35D624F4-9657-4D87-8FD3-6CE4E00CB9DA}.Debug|Mixed Platforms.ActiveCfg = Debug|x86
		{35D624F4-9657-4D87-8FD3-6CE4E00CB9DA}.Debug|Mixed Platforms.Build.0 = Debug|x86
		{35D624F4-9657-4D87-8FD3-6CE4E00CB9DA}.Debug|x86.ActiveCfg = Debug|x86
		{35D624F4-9657-4D87-8FD3-6CE4E00CB9DA}.Debug|x86.Build.0 = Debug|x86
		{35D624F4-9657-4D87-8FD3-6CE4E00CB9DA}.Release|Any CPU.ActiveCfg = Release|x86
		{35D624F4-9657-4D87-8FD3-6CE4E00CB9DA}.Release|Mixed Platforms.ActiveCfg = Release|x86
		{35D624F4-9657-4D87-8FD3-6CE4E00CB9DA}.Release|Mixed Platforms.Build.0 = Release|x86
		{35D624F4-9657-4D87-8FD3-6CE4E00CB9DA}.Release|x86.ActiveCfg = Release|x86
		{35D624F4-9657-4D87-8FD3-6CE4E00CB9DA}.Release|x86.Build.0 = Release|x86
		{D28CF265-EEA2-48F1-BB60-2D3E6C0DF495}.Debug|Any CPU.ActiveCfg = Debug|Any CPU
		{D28CF265-EEA2-48F1-BB60-2D3E6C0DF495}.Debug|Any CPU.Build.0 = Debug|Any CPU
		{D28CF265-EEA2-48F1-BB60-2D3E6C0DF495}.Debug|Mixed Platforms.ActiveCfg = Debug|Any CPU
		{D28CF265-EEA2-48F1-BB60-2D3E6C0DF495}.Debug|Mixed Platforms.Build.0 = Debug|Any CPU
		{D28CF265-EEA2-48F1-BB60-2D3E6C0DF495}.Debug|x86.ActiveCfg = Debug|Any CPU
		{D28CF265-EEA2-48F1-BB60-2D3E6C0DF495}.Release|Any CPU.ActiveCfg = Release|Any CPU
		{D28CF265-EEA2-48F1-BB60-2D3E6C0DF495}.Release|Any CPU.Build.0 = Release|Any CPU
		{D28CF265-EEA2-48F1-BB60-2D3E6C0DF495}.Release|Mixed Platforms.ActiveCfg = Release|Any CPU
		{D28CF265-EEA2-48F1-BB60-2D3E6C0DF495}.Release|Mixed Platforms.Build.0 = Release|Any CPU
		{D28CF265-EEA2-48F1-BB60-2D3E6C0DF495}.Release|x86.ActiveCfg = Release|Any CPU
		{5325651C-F56C-4A1D-A81D-EF12998D4721}.Debug|Any CPU.ActiveCfg = Debug|Any CPU
		{5325651C-F56C-4A1D-A81D-EF12998D4721}.Debug|Any CPU.Build.0 = Debug|Any CPU
		{5325651C-F56C-4A1D-A81D-EF12998D4721}.Debug|Mixed Platforms.ActiveCfg = Debug|Any CPU
		{5325651C-F56C-4A1D-A81D-EF12998D4721}.Debug|Mixed Platforms.Build.0 = Debug|Any CPU
		{5325651C-F56C-4A1D-A81D-EF12998D4721}.Debug|x86.ActiveCfg = Debug|Any CPU
		{5325651C-F56C-4A1D-A81D-EF12998D4721}.Release|Any CPU.ActiveCfg = Release|Any CPU
		{5325651C-F56C-4A1D-A81D-EF12998D4721}.Release|Any CPU.Build.0 = Release|Any CPU
		{5325651C-F56C-4A1D-A81D-EF12998D4721}.Release|Mixed Platforms.ActiveCfg = Release|Any CPU
		{5325651C-F56C-4A1D-A81D-EF12998D4721}.Release|Mixed Platforms.Build.0 = Release|Any CPU
		{5325651C-F56C-4A1D-A81D-EF12998D4721}.Release|x86.ActiveCfg = Release|Any CPU
	EndGlobalSection
	GlobalSection(SolutionProperties) = preSolution
		HideSolutionNode = FALSE
	EndGlobalSection
EndGlobal
